
Microsoft Visual Studio Solution File, Format Version 12.00
# Visual Studio 15
VisualStudioVersion = 15.0.27703.2035
MinimumVisualStudioVersion = 10.0.40219.1
Project("{9A19103F-16F7-4668-BE54-9A1E7A4F7556}") = "Todos", "Todos\Todos.csproj", "{83060089-B225-45F4-AD9B-957839C7FD31}"
EndProject
Project("{FAE04EC0-301F-11D3-BF4B-00C04F79EFBC}") = "Todos.Tests", "Todos.Tests\Todos.Tests.csproj", "{7A705C4E-77BE-4430-89A9-980FFCFE3284}"
EndProject
Global
	GlobalSection(SolutionConfigurationPlatforms) = preSolution
		Debug|Any CPU = Debug|Any CPU
		Release|Any CPU = Release|Any CPU
	EndGlobalSection
	GlobalSection(ProjectConfigurationPlatforms) = postSolution
		{83060089-B225-45F4-AD9B-957839C7FD31}.Debug|Any CPU.ActiveCfg = Debug|Any CPU
		{83060089-B225-45F4-AD9B-957839C7FD31}.Debug|Any CPU.Build.0 = Debug|Any CPU
		{83060089-B225-45F4-AD9B-957839C7FD31}.Release|Any CPU.ActiveCfg = Release|Any CPU
		{83060089-B225-45F4-AD9B-957839C7FD31}.Release|Any CPU.Build.0 = Release|Any CPU
		{7A705C4E-77BE-4430-89A9-980FFCFE3284}.Debug|Any CPU.ActiveCfg = Debug|Any CPU
		{7A705C4E-77BE-4430-89A9-980FFCFE3284}.Debug|Any CPU.Build.0 = Debug|Any CPU
		{7A705C4E-77BE-4430-89A9-980FFCFE3284}.Release|Any CPU.ActiveCfg = Release|Any CPU
		{7A705C4E-77BE-4430-89A9-980FFCFE3284}.Release|Any CPU.Build.0 = Release|Any CPU
	EndGlobalSection
	GlobalSection(SolutionProperties) = preSolution
		HideSolutionNode = FALSE
	EndGlobalSection
	GlobalSection(ExtensibilityGlobals) = postSolution
		SolutionGuid = {D9184C19-7C75-439C-AF8E-AC4BC2D8D9AC}
	EndGlobalSection
EndGlobal
